
Microsoft Visual Studio Solution File, Format Version 12.00
# Visual Studio Version 17
VisualStudioVersion = 17.9.34728.123
MinimumVisualStudioVersion = 10.0.40219.1
Project("{FAE04EC0-301F-11D3-BF4B-00C04F79EFBC}") = "Gift Card Code Generator", "Gift Card Code Generator\Gift Card Code Generator.csproj", "{99814C3D-9C6D-4002-9D21-DE6BD553C92A}"
EndProject
Global
	GlobalSection(SolutionConfigurationPlatforms) = preSolution
		Debug|Any CPU = Debug|Any CPU
		Release|Any CPU = Release|Any CPU
	EndGlobalSection
	GlobalSection(ProjectConfigurationPlatforms) = postSolution
		{99814C3D-9C6D-4002-9D21-DE6BD553C92A}.Debug|Any CPU.ActiveCfg = Debug|Any CPU
		{99814C3D-9C6D-4002-9D21-DE6BD553C92A}.Debug|Any CPU.Build.0 = Debug|Any CPU
		{99814C3D-9C6D-4002-9D21-DE6BD553C92A}.Release|Any CPU.ActiveCfg = Release|Any CPU
		{99814C3D-9C6D-4002-9D21-DE6BD553C92A}.Release|Any CPU.Build.0 = Release|Any CPU
	EndGlobalSection
	GlobalSection(SolutionProperties) = preSolution
		HideSolutionNode = FALSE
	EndGlobalSection
	GlobalSection(ExtensibilityGlobals) = postSolution
		SolutionGuid = {AFB78AEA-FB92-4736-9A9B-29290D0961B8}
	EndGlobalSection
EndGlobal
